
Microsoft Visual Studio Solution File, Format Version 12.00
# Visual Studio Version 16
VisualStudioVersion = 16.0.29613.14
MinimumVisualStudioVersion = 10.0.40219.1
Project("{FAE04EC0-301F-11D3-BF4B-00C04F79EFBC}") = "MovieService", "MovieService\MovieService.csproj", "{0EF64BFE-6F2C-4F18-8114-6D7E621EC2AF}"
EndProject
Project("{FAE04EC0-301F-11D3-BF4B-00C04F79EFBC}") = "MovieHost", "MovieHost\MovieHost.csproj", "{0F6887C1-B74C-42A2-B522-123751BB13CA}"
EndProject
Project("{FAE04EC0-301F-11D3-BF4B-00C04F79EFBC}") = "MovieClientApp", "MovieClientApp\MovieClientApp.csproj", "{C1E047DD-89F1-4807-8D6C-628285207CFF}"
EndProject
Global
	GlobalSection(SolutionConfigurationPlatforms) = preSolution
		Debug|Any CPU = Debug|Any CPU
		Release|Any CPU = Release|Any CPU
	EndGlobalSection
	GlobalSection(ProjectConfigurationPlatforms) = postSolution
		{0EF64BFE-6F2C-4F18-8114-6D7E621EC2AF}.Debug|Any CPU.ActiveCfg = Debug|Any CPU
		{0EF64BFE-6F2C-4F18-8114-6D7E621EC2AF}.Debug|Any CPU.Build.0 = Debug|Any CPU
		{0EF64BFE-6F2C-4F18-8114-6D7E621EC2AF}.Release|Any CPU.ActiveCfg = Release|Any CPU
		{0EF64BFE-6F2C-4F18-8114-6D7E621EC2AF}.Release|Any CPU.Build.0 = Release|Any CPU
		{0F6887C1-B74C-42A2-B522-123751BB13CA}.Debug|Any CPU.ActiveCfg = Debug|Any CPU
		{0F6887C1-B74C-42A2-B522-123751BB13CA}.Debug|Any CPU.Build.0 = Debug|Any CPU
		{0F6887C1-B74C-42A2-B522-123751BB13CA}.Release|Any CPU.ActiveCfg = Release|Any CPU
		{0F6887C1-B74C-42A2-B522-123751BB13CA}.Release|Any CPU.Build.0 = Release|Any CPU
		{C1E047DD-89F1-4807-8D6C-628285207CFF}.Debug|Any CPU.ActiveCfg = Debug|Any CPU
		{C1E047DD-89F1-4807-8D6C-628285207CFF}.Debug|Any CPU.Build.0 = Debug|Any CPU
		{C1E047DD-89F1-4807-8D6C-628285207CFF}.Release|Any CPU.ActiveCfg = Release|Any CPU
		{C1E047DD-89F1-4807-8D6C-628285207CFF}.Release|Any CPU.Build.0 = Release|Any CPU
	EndGlobalSection
	GlobalSection(SolutionProperties) = preSolution
		HideSolutionNode = FALSE
	EndGlobalSection
	GlobalSection(ExtensibilityGlobals) = postSolution
		SolutionGuid = {713F92AE-52C9-45C7-8754-82783D92EA79}
	EndGlobalSection
EndGlobal
